<?xml version="1.0" encoding="UTF-8" standalone="yes" ?>
<CodeBlocks_project_file>
	<FileVersion major="1" minor="6" />
	<Project>
		<Option title="rpg" />
		<Option pch_mode="2" />
		<Option compiler="gcc" />
		<Build>
			<Target title="Debug">
				<Option output="bin/Debug/rpg" prefix_auto="1" extension_auto="1" />
				<Option object_output="obj/Debug/" />
				<Option type="1" />
				<Option compiler="gcc" />
				<Compiler>
					<Add option="-g" />
					<Add directory="include" />
				</Compiler>
			</Target>
			<Target title="Release">
				<Option output="bin/Release/rpg" prefix_auto="1" extension_auto="1" />
				<Option object_output="obj/Release/" />
				<Option type="1" />
				<Option compiler="gcc" />
				<Compiler>
					<Add option="-O2" />
					<Add directory="include" />
				</Compiler>
				<Linker>
					<Add option="-s" />
				</Linker>
			</Target>
		</Build>
		<Compiler>
			<Add option="-Wall" />
			<Add option="-fexceptions" />
		</Compiler>
		<Unit filename="include/armas.h" />
		<Unit filename="include/batalha.h" />
		<Unit filename="include/classes.h" />
		<Unit filename="include/diversos.h" />
		<Unit filename="include/hero.h" />
		<Unit filename="include/hero_creation.h" />
		<Unit filename="include/personagem.h" />
		<Unit filename="include/texto.h" />
		<Unit filename="include/viloes.h" />
		<Unit filename="main.cpp" />
		<Unit filename="src/armas.cpp" />
		<Unit filename="src/batalha.cpp" />
		<Unit filename="src/classes.cpp" />
		<Unit filename="src/diversos.cpp" />
		<Unit filename="src/hero.cpp" />
		<Unit filename="src/hero_creation.cpp" />
		<Unit filename="src/personagem.cpp" />
		<Unit filename="src/texto.cpp" />
		<Unit filename="src/viloes.cpp" />
		<Extensions>
			<code_completion />
			<envvars />
			<debugger />
			<lib_finder disable_auto="1" />
		</Extensions>
	</Project>
</CodeBlocks_project_file>
